{
  "version": 4,
  "terraform_version": "1.3.6",
  "serial": 147,
  "lineage": "b6d161ae-5dbc-490d-9e3c-f0e8eb39186a",
  "outputs": {
    "backend_app_sg": {
      "value": "sg-0c0bcb05c7b3dfa74",
      "type": "string"
    },
    "bastion_sg": {
      "value": "sg-027d2caf51fdb7e09",
      "type": "string"
    },
    "frontend_app_sg": {
      "value": "sg-04e010dd415593b4a",
      "type": "string"
    },
    "lb_sg": {
      "value": "sg-0db2582fbd7bb63b2",
      "type": "string"
    },
    "private_subnets": {
      "value": [
        "subnet-06ef040d54204e3b7",
        "subnet-03885c5fcff66c09f",
        "subnet-0b6852fd5e78a017f"
      ],
      "type": [
        "tuple",
        [
          "string",
          "string",
          "string"
        ]
      ]
    },
    "public_subnets": {
      "value": [
        "subnet-04e9a757ca05e309b",
        "subnet-002627d539b2595ad",
        "subnet-06301b243629986ab"
      ],
      "type": [
        "tuple",
        [
          "string",
          "string",
          "string"
        ]
      ]
    },
    "vpc_id": {
      "value": "vpc-005a3767fc62203f2",
      "type": "string"
    }
  },
  "resources": [
    {
      "mode": "data",
      "type": "aws_availability_zones",
      "name": "available",
      "provider": "provider[\"registry.terraform.io/hashicorp/aws\"]",
      "instances": [
        {
          "schema_version": 0,
          "attributes": {
            "all_availability_zones": null,
            "exclude_names": null,
            "exclude_zone_ids": null,
            "filter": null,
            "group_names": [
              "us-east-1"
            ],
            "id": "us-east-1",
            "names": [
              "us-east-1a",
              "us-east-1b",
              "us-east-1c",
              "us-east-1d",
              "us-east-1e",
              "us-east-1f"
            ],
            "state": "available",
            "timeouts": null,
            "zone_ids": [
              "use1-az6",
              "use1-az1",
              "use1-az2",
              "use1-az4",
              "use1-az3",
              "use1-az5"
            ]
          },
          "sensitive_attributes": []
        }
      ]
    },
    {
      "mode": "data",
      "type": "aws_lb_target_group",
      "name": "three_tier_tg",
      "provider": "provider[\"registry.terraform.io/hashicorp/aws\"]",
      "instances": []
    },
    {
      "mode": "data",
      "type": "aws_ssm_parameter",
      "name": "three-tier-ami",
      "provider": "provider[\"registry.terraform.io/hashicorp/aws\"]",
      "instances": [
        {
          "schema_version": 0,
          "attributes": {
            "arn": "arn:aws:ssm:us-east-1::parameter/aws/service/ami-amazon-linux-latest/amzn2-ami-hvm-x86_64-gp2",
            "id": "/aws/service/ami-amazon-linux-latest/amzn2-ami-hvm-x86_64-gp2",
            "name": "/aws/service/ami-amazon-linux-latest/amzn2-ami-hvm-x86_64-gp2",
            "type": "String",
            "value": "ami-0fe472d8a85bc7b0e",
            "version": 77,
            "with_decryption": true
          },
          "sensitive_attributes": []
        }
      ]
    },
    {
      "mode": "managed",
      "type": "aws_autoscaling_attachment",
      "name": "asg_attach",
      "provider": "provider[\"registry.terraform.io/hashicorp/aws\"]",
      "instances": []
    },
    {
      "mode": "managed",
      "type": "aws_autoscaling_group",
      "name": "three_tier_app",
      "provider": "provider[\"registry.terraform.io/hashicorp/aws\"]",
      "instances": []
    },
    {
      "mode": "managed",
      "type": "aws_autoscaling_group",
      "name": "three_tier_bastion",
      "provider": "provider[\"registry.terraform.io/hashicorp/aws\"]",
      "instances": [
        {
          "schema_version": 0,
          "attributes": {
            "arn": "arn:aws:autoscaling:us-east-1:447131659068:autoScalingGroup:7eb0cb0c-87e4-4c2a-ae30-ac70d06f27e1:autoScalingGroupName/three_tier_bastion",
            "availability_zones": [
              "us-east-1a"
            ],
            "capacity_rebalance": false,
            "context": "",
            "default_cooldown": 300,
            "default_instance_warmup": 0,
            "desired_capacity": 1,
            "enabled_metrics": null,
            "force_delete": false,
            "force_delete_warm_pool": false,
            "health_check_grace_period": 300,
            "health_check_type": "EC2",
            "id": "three_tier_bastion",
            "initial_lifecycle_hook": [],
            "instance_refresh": [],
            "launch_configuration": "",
            "launch_template": [
              {
                "id": "lt-002137d512be73d4e",
                "name": "three_tier_bastion20221221093336918700000001",
                "version": "$Latest"
              }
            ],
            "load_balancers": null,
            "max_instance_lifetime": 0,
            "max_size": 1,
            "metrics_granularity": "1Minute",
            "min_elb_capacity": null,
            "min_size": 1,
            "mixed_instances_policy": [],
            "name": "three_tier_bastion",
            "name_prefix": "",
            "placement_group": "",
            "protect_from_scale_in": false,
            "service_linked_role_arn": "arn:aws:iam::447131659068:role/aws-service-role/autoscaling.amazonaws.com/AWSServiceRoleForAutoScaling",
            "suspended_processes": null,
            "tag": [],
            "tags": null,
            "target_group_arns": null,
            "termination_policies": null,
            "timeouts": null,
            "vpc_zone_identifier": [
              "subnet-04e9a757ca05e309b"
            ],
            "wait_for_capacity_timeout": "10m",
            "wait_for_elb_capacity": null,
            "warm_pool": []
          },
          "sensitive_attributes": [],
          "private": "eyJlMmJmYjczMC1lY2FhLTExZTYtOGY4OC0zNDM2M2JjN2M0YzAiOnsiZGVsZXRlIjo2MDAwMDAwMDAwMDAsInVwZGF0ZSI6NjAwMDAwMDAwMDAwfX0=",
          "dependencies": [
            "aws_key_pair.group11-key",
            "aws_launch_template.three_tier_bastion",
            "aws_security_group.three_tier_bastion_sg",
            "aws_subnet.three_tier_public_subnets",
            "aws_vpc.three_tier_vpc",
            "data.aws_availability_zones.available",
            "data.aws_ssm_parameter.three-tier-ami",
            "random_integer.random"
          ]
        }
      ]
    },
    {
      "mode": "managed",
      "type": "aws_eip",
      "name": "three_tier_nat_eip",
      "provider": "provider[\"registry.terraform.io/hashicorp/aws\"]",
      "instances": [
        {
          "schema_version": 0,
          "attributes": {
            "address": null,
            "allocation_id": "eipalloc-07af921cb620e0fec",
            "associate_with_private_ip": null,
            "association_id": "",
            "carrier_ip": "",
            "customer_owned_ip": "",
            "customer_owned_ipv4_pool": "",
            "domain": "vpc",
            "id": "eipalloc-07af921cb620e0fec",
            "instance": "",
            "network_border_group": "us-east-1",
            "network_interface": "",
            "private_dns": null,
            "private_ip": "",
            "public_dns": "ec2-35-172-108-211.compute-1.amazonaws.com",
            "public_ip": "35.172.108.211",
            "public_ipv4_pool": "amazon",
            "tags": null,
            "tags_all": {},
            "timeouts": null,
            "vpc": true
          },
          "sensitive_attributes": [],
          "private": "eyJlMmJmYjczMC1lY2FhLTExZTYtOGY4OC0zNDM2M2JjN2M0YzAiOnsiZGVsZXRlIjoxODAwMDAwMDAwMDAsInJlYWQiOjkwMDAwMDAwMDAwMCwidXBkYXRlIjozMDAwMDAwMDAwMDB9fQ=="
        }
      ]
    },
    {
      "mode": "managed",
      "type": "aws_internet_gateway",
      "name": "three_tier_internet_gateway",
      "provider": "provider[\"registry.terraform.io/hashicorp/aws\"]",
      "instances": [
        {
          "schema_version": 0,
          "attributes": {
            "arn": "arn:aws:ec2:us-east-1:447131659068:internet-gateway/igw-0e1e4a90911523453",
            "id": "igw-0e1e4a90911523453",
            "owner_id": "447131659068",
            "tags": {
              "Name": "three_tier_igw"
            },
            "tags_all": {
              "Name": "three_tier_igw"
            },
            "timeouts": null,
            "vpc_id": "vpc-005a3767fc62203f2"
          },
          "sensitive_attributes": [],
          "private": "eyJlMmJmYjczMC1lY2FhLTExZTYtOGY4OC0zNDM2M2JjN2M0YzAiOnsiY3JlYXRlIjoxMjAwMDAwMDAwMDAwLCJkZWxldGUiOjEyMDAwMDAwMDAwMDAsInVwZGF0ZSI6MTIwMDAwMDAwMDAwMH19",
          "dependencies": [
            "aws_vpc.three_tier_vpc",
            "random_integer.random"
          ],
          "create_before_destroy": true
        }
      ]
    },
    {
      "mode": "managed",
      "type": "aws_key_pair",
      "name": "group11-key",
      "provider": "provider[\"registry.terraform.io/hashicorp/aws\"]",
      "instances": [
        {
          "schema_version": 1,
          "attributes": {
            "arn": "arn:aws:ec2:us-east-1:447131659068:key-pair/group11-key.pub",
            "fingerprint": "80:13:e2:7e:9a:83:64:2f:76:2f:fd:d6:df:74:3d:da",
            "id": "group11-key.pub",
            "key_name": "group11-key.pub",
            "key_name_prefix": "",
            "key_pair_id": "key-0bfb43db615aef1db",
            "key_type": "rsa",
            "public_key": "ssh-rsa AAAAB3NzaC1yc2EAAAADAQABAAABAQDx9tqlN7TTkcRiGUIi9O9qGbKKW9qhzOfF+Rhh58y3psiIdL/lKCMTDkU3xJO3P2UbC2xf9brIGXRWGUbNYgUYgE+YAiR4os8mMMUoWJVlp6QnVjbvBn9LdQMKIXr5tJIqPmMYXw4LEGkqw94CuIJ4YSleebweoh4wo1pEhWmSbpMkJvskIPaqgRL/sE/YpohVpb0nT79adULDg9imm1d7gu+meptKfK6uOoE70/2Gh133Iv9uibtOBvN1TnZiB201qvxmViUJHoQVE7iam4hzf5uewzGVajE116STXDgaKo9pPzKIa6XECijx9I/XhX8WW7gWV0AS9aQZ/l79pYev ec2-user@ip-172-31-48-108.ec2.internal",
            "tags": null,
            "tags_all": {}
          },
          "sensitive_attributes": [],
          "private": "eyJzY2hlbWFfdmVyc2lvbiI6IjEifQ=="
        }
      ]
    },
    {
      "mode": "managed",
      "type": "aws_launch_template",
      "name": "three_tier_bastion",
      "provider": "provider[\"registry.terraform.io/hashicorp/aws\"]",
      "instances": [
        {
          "schema_version": 0,
          "attributes": {
            "arn": "arn:aws:ec2:us-east-1:447131659068:launch-template/lt-002137d512be73d4e",
            "block_device_mappings": [],
            "capacity_reservation_specification": [],
            "cpu_options": [],
            "credit_specification": [],
            "default_version": 1,
            "description": "",
            "disable_api_stop": false,
            "disable_api_termination": false,
            "ebs_optimized": "",
            "elastic_gpu_specifications": [],
            "elastic_inference_accelerator": [],
            "enclave_options": [],
            "hibernation_options": [],
            "iam_instance_profile": [],
            "id": "lt-002137d512be73d4e",
            "image_id": "ami-0fe472d8a85bc7b0e",
            "instance_initiated_shutdown_behavior": "",
            "instance_market_options": [],
            "instance_requirements": [],
            "instance_type": "t3.micro",
            "kernel_id": "",
            "key_name": "group11-key.pub",
            "latest_version": 1,
            "license_specification": [],
            "maintenance_options": [],
            "metadata_options": [],
            "monitoring": [],
            "name": "three_tier_bastion20221221093336918700000001",
            "name_prefix": "three_tier_bastion",
            "network_interfaces": [],
            "placement": [],
            "private_dns_name_options": [],
            "ram_disk_id": "",
            "security_group_names": null,
            "tag_specifications": [],
            "tags": {
              "Name": "three_tier_bastion"
            },
            "tags_all": {
              "Name": "three_tier_bastion"
            },
            "update_default_version": null,
            "user_data": "",
            "vpc_security_group_ids": [
              "sg-027d2caf51fdb7e09"
            ]
          },
          "sensitive_attributes": [
            [
              {
                "type": "get_attr",
                "value": "image_id"
              }
            ]
          ],
          "private": "bnVsbA==",
          "dependencies": [
            "aws_key_pair.group11-key",
            "aws_security_group.three_tier_bastion_sg",
            "aws_vpc.three_tier_vpc",
            "data.aws_ssm_parameter.three-tier-ami",
            "random_integer.random"
          ]
        }
      ]
    },
    {
      "mode": "managed",
      "type": "aws_lb",
      "name": "three_tier_lb",
      "provider": "provider[\"registry.terraform.io/hashicorp/aws\"]",
      "instances": [
        {
          "schema_version": 0,
          "attributes": {
            "access_logs": [
              {
                "bucket": "",
                "enabled": false,
                "prefix": ""
              }
            ],
            "arn": "arn:aws:elasticloadbalancing:us-east-1:447131659068:loadbalancer/app/three-tier-loadbalancer/99da1824e07e2f75",
            "arn_suffix": "app/three-tier-loadbalancer/99da1824e07e2f75",
            "customer_owned_ipv4_pool": "",
            "desync_mitigation_mode": "defensive",
            "dns_name": "three-tier-loadbalancer-880951478.us-east-1.elb.amazonaws.com",
            "drop_invalid_header_fields": false,
            "enable_cross_zone_load_balancing": true,
            "enable_deletion_protection": false,
            "enable_http2": true,
            "enable_waf_fail_open": false,
            "id": "arn:aws:elasticloadbalancing:us-east-1:447131659068:loadbalancer/app/three-tier-loadbalancer/99da1824e07e2f75",
            "idle_timeout": 400,
            "internal": false,
            "ip_address_type": "ipv4",
            "load_balancer_type": "application",
            "name": "three-tier-loadbalancer",
            "name_prefix": null,
            "preserve_host_header": false,
            "security_groups": [
              "sg-0db2582fbd7bb63b2"
            ],
            "subnet_mapping": [
              {
                "allocation_id": "",
                "ipv6_address": "",
                "outpost_id": "",
                "private_ipv4_address": "",
                "subnet_id": "subnet-002627d539b2595ad"
              },
              {
                "allocation_id": "",
                "ipv6_address": "",
                "outpost_id": "",
                "private_ipv4_address": "",
                "subnet_id": "subnet-04e9a757ca05e309b"
              },
              {
                "allocation_id": "",
                "ipv6_address": "",
                "outpost_id": "",
                "private_ipv4_address": "",
                "subnet_id": "subnet-06301b243629986ab"
              }
            ],
            "subnets": [
              "subnet-002627d539b2595ad",
              "subnet-04e9a757ca05e309b",
              "subnet-06301b243629986ab"
            ],
            "tags": null,
            "tags_all": {},
            "timeouts": null,
            "vpc_id": "vpc-005a3767fc62203f2",
            "zone_id": "Z35SXDOTRQ7X7K"
          },
          "sensitive_attributes": [],
          "private": "eyJlMmJmYjczMC1lY2FhLTExZTYtOGY4OC0zNDM2M2JjN2M0YzAiOnsiY3JlYXRlIjo2MDAwMDAwMDAwMDAsImRlbGV0ZSI6NjAwMDAwMDAwMDAwLCJ1cGRhdGUiOjYwMDAwMDAwMDAwMH19",
          "dependencies": [
            "aws_security_group.three_tier_lb_sg",
            "aws_subnet.three_tier_public_subnets",
            "aws_vpc.three_tier_vpc",
            "data.aws_availability_zones.available",
            "random_integer.random"
          ]
        }
      ]
    },
    {
      "mode": "managed",
      "type": "aws_lb_listener",
      "name": "three_tier_lb_listener",
      "provider": "provider[\"registry.terraform.io/hashicorp/aws\"]",
      "instances": [
        {
          "schema_version": 0,
          "attributes": {
            "alpn_policy": null,
            "arn": "arn:aws:elasticloadbalancing:us-east-1:447131659068:listener/app/three-tier-loadbalancer/99da1824e07e2f75/c7325fc1a78f2f9e",
            "certificate_arn": null,
            "default_action": [
              {
                "authenticate_cognito": [],
                "authenticate_oidc": [],
                "fixed_response": [],
                "forward": [],
                "order": 1,
                "redirect": [],
                "target_group_arn": "arn:aws:elasticloadbalancing:us-east-1:447131659068:targetgroup/three-tier-lb-tg-ff5/6c7891dd6a63eaaa",
                "type": "forward"
              }
            ],
            "id": "arn:aws:elasticloadbalancing:us-east-1:447131659068:listener/app/three-tier-loadbalancer/99da1824e07e2f75/c7325fc1a78f2f9e",
            "load_balancer_arn": "arn:aws:elasticloadbalancing:us-east-1:447131659068:loadbalancer/app/three-tier-loadbalancer/99da1824e07e2f75",
            "port": 80,
            "protocol": "HTTP",
            "ssl_policy": "",
            "tags": null,
            "tags_all": {},
            "timeouts": null
          },
          "sensitive_attributes": [],
          "private": "eyJlMmJmYjczMC1lY2FhLTExZTYtOGY4OC0zNDM2M2JjN2M0YzAiOnsicmVhZCI6NjAwMDAwMDAwMDAwfX0=",
          "dependencies": [
            "aws_lb.three_tier_lb",
            "aws_lb_target_group.three_tier_tg",
            "aws_security_group.three_tier_lb_sg",
            "aws_subnet.three_tier_public_subnets",
            "aws_vpc.three_tier_vpc",
            "data.aws_availability_zones.available",
            "random_integer.random"
          ]
        }
      ]
    },
    {
      "mode": "managed",
      "type": "aws_lb_target_group",
      "name": "three_tier_tg",
      "provider": "provider[\"registry.terraform.io/hashicorp/aws\"]",
      "instances": [
        {
          "schema_version": 0,
          "attributes": {
            "arn": "arn:aws:elasticloadbalancing:us-east-1:447131659068:targetgroup/three-tier-lb-tg-ff5/6c7891dd6a63eaaa",
            "arn_suffix": "targetgroup/three-tier-lb-tg-ff5/6c7891dd6a63eaaa",
            "connection_termination": false,
            "deregistration_delay": "300",
            "health_check": [
              {
                "enabled": true,
                "healthy_threshold": 5,
                "interval": 30,
                "matcher": "200",
                "path": "/",
                "port": "traffic-port",
                "protocol": "HTTP",
                "timeout": 5,
                "unhealthy_threshold": 2
              }
            ],
            "id": "arn:aws:elasticloadbalancing:us-east-1:447131659068:targetgroup/three-tier-lb-tg-ff5/6c7891dd6a63eaaa",
            "ip_address_type": "ipv4",
            "lambda_multi_value_headers_enabled": false,
            "load_balancing_algorithm_type": "round_robin",
            "name": "three-tier-lb-tg-ff5",
            "name_prefix": null,
            "port": 80,
            "preserve_client_ip": null,
            "protocol": "HTTP",
            "protocol_version": "HTTP1",
            "proxy_protocol_v2": false,
            "slow_start": 0,
            "stickiness": [
              {
                "cookie_duration": 86400,
                "cookie_name": "",
                "enabled": false,
                "type": "lb_cookie"
              }
            ],
            "tags": null,
            "tags_all": {},
            "target_failover": [
              {
                "on_deregistration": null,
                "on_unhealthy": null
              }
            ],
            "target_type": "instance",
            "vpc_id": "vpc-005a3767fc62203f2"
          },
          "sensitive_attributes": [],
          "private": "bnVsbA==",
          "dependencies": [
            "aws_vpc.three_tier_vpc",
            "random_integer.random"
          ],
          "create_before_destroy": true
        }
      ]
    },
    {
      "mode": "managed",
      "type": "aws_nat_gateway",
      "name": "three_tier_ngw",
      "provider": "provider[\"registry.terraform.io/hashicorp/aws\"]",
      "instances": [
        {
          "schema_version": 0,
          "attributes": {
            "allocation_id": "eipalloc-07af921cb620e0fec",
            "connectivity_type": "public",
            "id": "nat-0c07a6e9a0ee28325",
            "network_interface_id": "eni-09145971045da13e6",
            "private_ip": "10.100.11.131",
            "public_ip": "35.172.108.211",
            "subnet_id": "subnet-002627d539b2595ad",
            "tags": null,
            "tags_all": {}
          },
          "sensitive_attributes": [],
          "private": "bnVsbA==",
          "dependencies": [
            "aws_eip.three_tier_nat_eip",
            "aws_subnet.three_tier_public_subnets",
            "aws_vpc.three_tier_vpc",
            "data.aws_availability_zones.available",
            "random_integer.random"
          ]
        }
      ]
    },
    {
      "mode": "managed",
      "type": "aws_route",
      "name": "default_private_route",
      "provider": "provider[\"registry.terraform.io/hashicorp/aws\"]",
      "instances": [
        {
          "schema_version": 0,
          "attributes": {
            "carrier_gateway_id": "",
            "core_network_arn": "",
            "destination_cidr_block": "0.0.0.0/0",
            "destination_ipv6_cidr_block": "",
            "destination_prefix_list_id": "",
            "egress_only_gateway_id": "",
            "gateway_id": "",
            "id": "r-rtb-0d5d2e0fb846678701080289494",
            "instance_id": "",
            "instance_owner_id": "",
            "local_gateway_id": "",
            "nat_gateway_id": "nat-0c07a6e9a0ee28325",
            "network_interface_id": "",
            "origin": "CreateRoute",
            "route_table_id": "rtb-0d5d2e0fb84667870",
            "state": "active",
            "timeouts": null,
            "transit_gateway_id": "",
            "vpc_endpoint_id": "",
            "vpc_peering_connection_id": ""
          },
          "sensitive_attributes": [],
          "private": "eyJlMmJmYjczMC1lY2FhLTExZTYtOGY4OC0zNDM2M2JjN2M0YzAiOnsiY3JlYXRlIjozMDAwMDAwMDAwMDAsImRlbGV0ZSI6MzAwMDAwMDAwMDAwLCJ1cGRhdGUiOjEyMDAwMDAwMDAwMH19",
          "dependencies": [
            "aws_eip.three_tier_nat_eip",
            "aws_nat_gateway.three_tier_ngw",
            "aws_route_table.three_tier_private_rt",
            "aws_subnet.three_tier_public_subnets",
            "aws_vpc.three_tier_vpc",
            "data.aws_availability_zones.available",
            "random_integer.random"
          ]
        }
      ]
    },
    {
      "mode": "managed",
      "type": "aws_route",
      "name": "default_public_route",
      "provider": "provider[\"registry.terraform.io/hashicorp/aws\"]",
      "instances": [
        {
          "schema_version": 0,
          "attributes": {
            "carrier_gateway_id": "",
            "core_network_arn": "",
            "destination_cidr_block": "0.0.0.0/0",
            "destination_ipv6_cidr_block": "",
            "destination_prefix_list_id": "",
            "egress_only_gateway_id": "",
            "gateway_id": "igw-0e1e4a90911523453",
            "id": "r-rtb-0b2685cc1f9c410731080289494",
            "instance_id": "",
            "instance_owner_id": "",
            "local_gateway_id": "",
            "nat_gateway_id": "",
            "network_interface_id": "",
            "origin": "CreateRoute",
            "route_table_id": "rtb-0b2685cc1f9c41073",
            "state": "active",
            "timeouts": null,
            "transit_gateway_id": "",
            "vpc_endpoint_id": "",
            "vpc_peering_connection_id": ""
          },
          "sensitive_attributes": [],
          "private": "eyJlMmJmYjczMC1lY2FhLTExZTYtOGY4OC0zNDM2M2JjN2M0YzAiOnsiY3JlYXRlIjozMDAwMDAwMDAwMDAsImRlbGV0ZSI6MzAwMDAwMDAwMDAwLCJ1cGRhdGUiOjEyMDAwMDAwMDAwMH19",
          "dependencies": [
            "aws_internet_gateway.three_tier_internet_gateway",
            "aws_route_table.three_tier_public_rt",
            "aws_vpc.three_tier_vpc",
            "random_integer.random"
          ]
        }
      ]
    },
    {
      "mode": "managed",
      "type": "aws_route_table",
      "name": "three_tier_private_rt",
      "provider": "provider[\"registry.terraform.io/hashicorp/aws\"]",
      "instances": [
        {
          "schema_version": 0,
          "attributes": {
            "arn": "arn:aws:ec2:us-east-1:447131659068:route-table/rtb-0d5d2e0fb84667870",
            "id": "rtb-0d5d2e0fb84667870",
            "owner_id": "447131659068",
            "propagating_vgws": [],
            "route": [],
            "tags": {
              "Name": "three_tier_private"
            },
            "tags_all": {
              "Name": "three_tier_private"
            },
            "timeouts": null,
            "vpc_id": "vpc-005a3767fc62203f2"
          },
          "sensitive_attributes": [],
          "private": "eyJlMmJmYjczMC1lY2FhLTExZTYtOGY4OC0zNDM2M2JjN2M0YzAiOnsiY3JlYXRlIjozMDAwMDAwMDAwMDAsImRlbGV0ZSI6MzAwMDAwMDAwMDAwLCJ1cGRhdGUiOjEyMDAwMDAwMDAwMH19",
          "dependencies": [
            "aws_vpc.three_tier_vpc",
            "random_integer.random"
          ]
        }
      ]
    },
    {
      "mode": "managed",
      "type": "aws_route_table",
      "name": "three_tier_public_rt",
      "provider": "provider[\"registry.terraform.io/hashicorp/aws\"]",
      "instances": [
        {
          "schema_version": 0,
          "attributes": {
            "arn": "arn:aws:ec2:us-east-1:447131659068:route-table/rtb-0b2685cc1f9c41073",
            "id": "rtb-0b2685cc1f9c41073",
            "owner_id": "447131659068",
            "propagating_vgws": [],
            "route": [],
            "tags": {
              "Name": "three_tier_public"
            },
            "tags_all": {
              "Name": "three_tier_public"
            },
            "timeouts": null,
            "vpc_id": "vpc-005a3767fc62203f2"
          },
          "sensitive_attributes": [],
          "private": "eyJlMmJmYjczMC1lY2FhLTExZTYtOGY4OC0zNDM2M2JjN2M0YzAiOnsiY3JlYXRlIjozMDAwMDAwMDAwMDAsImRlbGV0ZSI6MzAwMDAwMDAwMDAwLCJ1cGRhdGUiOjEyMDAwMDAwMDAwMH19",
          "dependencies": [
            "aws_vpc.three_tier_vpc",
            "random_integer.random"
          ]
        }
      ]
    },
    {
      "mode": "managed",
      "type": "aws_route_table_association",
      "name": "three_tier_private_assoc",
      "provider": "provider[\"registry.terraform.io/hashicorp/aws\"]",
      "instances": [
        {
          "index_key": 0,
          "schema_version": 0,
          "attributes": {
            "gateway_id": "",
            "id": "rtbassoc-0771353ab322518d6",
            "route_table_id": "rtb-0d5d2e0fb84667870",
            "subnet_id": "subnet-06ef040d54204e3b7"
          },
          "sensitive_attributes": [],
          "private": "bnVsbA==",
          "dependencies": [
            "aws_route_table.three_tier_private_rt",
            "aws_subnet.three_tier_private_subnets",
            "aws_vpc.three_tier_vpc",
            "data.aws_availability_zones.available",
            "random_integer.random"
          ]
        },
        {
          "index_key": 1,
          "schema_version": 0,
          "attributes": {
            "gateway_id": "",
            "id": "rtbassoc-0649b36f423497525",
            "route_table_id": "rtb-0d5d2e0fb84667870",
            "subnet_id": "subnet-03885c5fcff66c09f"
          },
          "sensitive_attributes": [],
          "private": "bnVsbA==",
          "dependencies": [
            "aws_route_table.three_tier_private_rt",
            "aws_subnet.three_tier_private_subnets",
            "aws_vpc.three_tier_vpc",
            "data.aws_availability_zones.available",
            "random_integer.random"
          ]
        },
        {
          "index_key": 2,
          "schema_version": 0,
          "attributes": {
            "gateway_id": "",
            "id": "rtbassoc-0f8fa72ba2574105b",
            "route_table_id": "rtb-0d5d2e0fb84667870",
            "subnet_id": "subnet-0b6852fd5e78a017f"
          },
          "sensitive_attributes": [],
          "private": "bnVsbA==",
          "dependencies": [
            "aws_route_table.three_tier_private_rt",
            "aws_subnet.three_tier_private_subnets",
            "aws_vpc.three_tier_vpc",
            "data.aws_availability_zones.available",
            "random_integer.random"
          ]
        }
      ]
    },
    {
      "mode": "managed",
      "type": "aws_route_table_association",
      "name": "three_tier_public_assoc",
      "provider": "provider[\"registry.terraform.io/hashicorp/aws\"]",
      "instances": [
        {
          "index_key": 0,
          "schema_version": 0,
          "attributes": {
            "gateway_id": "",
            "id": "rtbassoc-0a170a44e144f0d2a",
            "route_table_id": "rtb-0b2685cc1f9c41073",
            "subnet_id": "subnet-04e9a757ca05e309b"
          },
          "sensitive_attributes": [],
          "private": "bnVsbA==",
          "dependencies": [
            "aws_route_table.three_tier_public_rt",
            "aws_subnet.three_tier_public_subnets",
            "aws_vpc.three_tier_vpc",
            "data.aws_availability_zones.available",
            "random_integer.random"
          ]
        },
        {
          "index_key": 1,
          "schema_version": 0,
          "attributes": {
            "gateway_id": "",
            "id": "rtbassoc-0de392834e9fc03d4",
            "route_table_id": "rtb-0b2685cc1f9c41073",
            "subnet_id": "subnet-002627d539b2595ad"
          },
          "sensitive_attributes": [],
          "private": "bnVsbA==",
          "dependencies": [
            "aws_route_table.three_tier_public_rt",
            "aws_subnet.three_tier_public_subnets",
            "aws_vpc.three_tier_vpc",
            "data.aws_availability_zones.available",
            "random_integer.random"
          ]
        },
        {
          "index_key": 2,
          "schema_version": 0,
          "attributes": {
            "gateway_id": "",
            "id": "rtbassoc-0d72f11fce251eb71",
            "route_table_id": "rtb-0b2685cc1f9c41073",
            "subnet_id": "subnet-06301b243629986ab"
          },
          "sensitive_attributes": [],
          "private": "bnVsbA==",
          "dependencies": [
            "aws_route_table.three_tier_public_rt",
            "aws_subnet.three_tier_public_subnets",
            "aws_vpc.three_tier_vpc",
            "data.aws_availability_zones.available",
            "random_integer.random"
          ]
        }
      ]
    },
    {
      "mode": "managed",
      "type": "aws_security_group",
      "name": "three_tier_backend_app_sg",
      "provider": "provider[\"registry.terraform.io/hashicorp/aws\"]",
      "instances": [
        {
          "schema_version": 1,
          "attributes": {
            "arn": "arn:aws:ec2:us-east-1:447131659068:security-group/sg-0c0bcb05c7b3dfa74",
            "description": "Allow Inbound HTTP from FRONTEND APP, and SSH inbound traffic from Bastion",
            "egress": [
              {
                "cidr_blocks": [
                  "0.0.0.0/0"
                ],
                "description": "",
                "from_port": 0,
                "ipv6_cidr_blocks": [],
                "prefix_list_ids": [],
                "protocol": "-1",
                "security_groups": [],
                "self": false,
                "to_port": 0
              }
            ],
            "id": "sg-0c0bcb05c7b3dfa74",
            "ingress": [
              {
                "cidr_blocks": [],
                "description": "",
                "from_port": 22,
                "ipv6_cidr_blocks": [],
                "prefix_list_ids": [],
                "protocol": "tcp",
                "security_groups": [
                  "sg-027d2caf51fdb7e09"
                ],
                "self": false,
                "to_port": 22
              },
              {
                "cidr_blocks": [],
                "description": "",
                "from_port": 80,
                "ipv6_cidr_blocks": [],
                "prefix_list_ids": [],
                "protocol": "tcp",
                "security_groups": [
                  "sg-04e010dd415593b4a"
                ],
                "self": false,
                "to_port": 80
              }
            ],
            "name": "three_tier_backend_app_sg",
            "name_prefix": "",
            "owner_id": "447131659068",
            "revoke_rules_on_delete": false,
            "tags": null,
            "tags_all": {},
            "timeouts": null,
            "vpc_id": "vpc-005a3767fc62203f2"
          },
          "sensitive_attributes": [],
          "private": "eyJlMmJmYjczMC1lY2FhLTExZTYtOGY4OC0zNDM2M2JjN2M0YzAiOnsiY3JlYXRlIjo2MDAwMDAwMDAwMDAsImRlbGV0ZSI6OTAwMDAwMDAwMDAwfSwic2NoZW1hX3ZlcnNpb24iOiIxIn0=",
          "dependencies": [
            "aws_security_group.three_tier_bastion_sg",
            "aws_security_group.three_tier_frontend_app_sg",
            "aws_security_group.three_tier_lb_sg",
            "aws_vpc.three_tier_vpc",
            "random_integer.random"
          ]
        }
      ]
    },
    {
      "mode": "managed",
      "type": "aws_security_group",
      "name": "three_tier_bastion_sg",
      "provider": "provider[\"registry.terraform.io/hashicorp/aws\"]",
      "instances": [
        {
          "schema_version": 1,
          "attributes": {
            "arn": "arn:aws:ec2:us-east-1:447131659068:security-group/sg-027d2caf51fdb7e09",
            "description": "Allow SSH Inbound Traffic From Set IP",
            "egress": [
              {
                "cidr_blocks": [
                  "0.0.0.0/0"
                ],
                "description": "",
                "from_port": 0,
                "ipv6_cidr_blocks": [],
                "prefix_list_ids": [],
                "protocol": "-1",
                "security_groups": [],
                "self": false,
                "to_port": 0
              }
            ],
            "id": "sg-027d2caf51fdb7e09",
            "ingress": [
              {
                "cidr_blocks": [
                  "54.166.138.10/32"
                ],
                "description": "",
                "from_port": 22,
                "ipv6_cidr_blocks": [],
                "prefix_list_ids": [],
                "protocol": "tcp",
                "security_groups": [],
                "self": false,
                "to_port": 22
              }
            ],
            "name": "three_tier_bastion_sg",
            "name_prefix": "",
            "owner_id": "447131659068",
            "revoke_rules_on_delete": false,
            "tags": null,
            "tags_all": {},
            "timeouts": null,
            "vpc_id": "vpc-005a3767fc62203f2"
          },
          "sensitive_attributes": [],
          "private": "eyJlMmJmYjczMC1lY2FhLTExZTYtOGY4OC0zNDM2M2JjN2M0YzAiOnsiY3JlYXRlIjo2MDAwMDAwMDAwMDAsImRlbGV0ZSI6OTAwMDAwMDAwMDAwfSwic2NoZW1hX3ZlcnNpb24iOiIxIn0=",
          "dependencies": [
            "aws_vpc.three_tier_vpc",
            "random_integer.random"
          ]
        }
      ]
    },
    {
      "mode": "managed",
      "type": "aws_security_group",
      "name": "three_tier_frontend_app_sg",
      "provider": "provider[\"registry.terraform.io/hashicorp/aws\"]",
      "instances": [
        {
          "schema_version": 1,
          "attributes": {
            "arn": "arn:aws:ec2:us-east-1:447131659068:security-group/sg-04e010dd415593b4a",
            "description": "Allow SSH inbound traffic from Bastion, and HTTP inbound traffic from loadbalancer",
            "egress": [
              {
                "cidr_blocks": [
                  "0.0.0.0/0"
                ],
                "description": "",
                "from_port": 0,
                "ipv6_cidr_blocks": [],
                "prefix_list_ids": [],
                "protocol": "-1",
                "security_groups": [],
                "self": false,
                "to_port": 0
              }
            ],
            "id": "sg-04e010dd415593b4a",
            "ingress": [
              {
                "cidr_blocks": [],
                "description": "",
                "from_port": 22,
                "ipv6_cidr_blocks": [],
                "prefix_list_ids": [],
                "protocol": "tcp",
                "security_groups": [
                  "sg-027d2caf51fdb7e09"
                ],
                "self": false,
                "to_port": 22
              },
              {
                "cidr_blocks": [],
                "description": "",
                "from_port": 80,
                "ipv6_cidr_blocks": [],
                "prefix_list_ids": [],
                "protocol": "tcp",
                "security_groups": [
                  "sg-0db2582fbd7bb63b2"
                ],
                "self": false,
                "to_port": 80
              }
            ],
            "name": "three_tier_frontend_app_sg",
            "name_prefix": "",
            "owner_id": "447131659068",
            "revoke_rules_on_delete": false,
            "tags": null,
            "tags_all": {},
            "timeouts": null,
            "vpc_id": "vpc-005a3767fc62203f2"
          },
          "sensitive_attributes": [],
          "private": "eyJlMmJmYjczMC1lY2FhLTExZTYtOGY4OC0zNDM2M2JjN2M0YzAiOnsiY3JlYXRlIjo2MDAwMDAwMDAwMDAsImRlbGV0ZSI6OTAwMDAwMDAwMDAwfSwic2NoZW1hX3ZlcnNpb24iOiIxIn0=",
          "dependencies": [
            "aws_security_group.three_tier_bastion_sg",
            "aws_security_group.three_tier_lb_sg",
            "aws_vpc.three_tier_vpc",
            "random_integer.random"
          ]
        }
      ]
    },
    {
      "mode": "managed",
      "type": "aws_security_group",
      "name": "three_tier_lb_sg",
      "provider": "provider[\"registry.terraform.io/hashicorp/aws\"]",
      "instances": [
        {
          "schema_version": 1,
          "attributes": {
            "arn": "arn:aws:ec2:us-east-1:447131659068:security-group/sg-0db2582fbd7bb63b2",
            "description": "Allow Inbound HTTP Traffic",
            "egress": [
              {
                "cidr_blocks": [
                  "0.0.0.0/0"
                ],
                "description": "",
                "from_port": 0,
                "ipv6_cidr_blocks": [],
                "prefix_list_ids": [],
                "protocol": "-1",
                "security_groups": [],
                "self": false,
                "to_port": 0
              }
            ],
            "id": "sg-0db2582fbd7bb63b2",
            "ingress": [
              {
                "cidr_blocks": [
                  "0.0.0.0/0"
                ],
                "description": "",
                "from_port": 80,
                "ipv6_cidr_blocks": [],
                "prefix_list_ids": [],
                "protocol": "tcp",
                "security_groups": [],
                "self": false,
                "to_port": 80
              }
            ],
            "name": "three_tier_lb_sg",
            "name_prefix": "",
            "owner_id": "447131659068",
            "revoke_rules_on_delete": false,
            "tags": null,
            "tags_all": {},
            "timeouts": null,
            "vpc_id": "vpc-005a3767fc62203f2"
          },
          "sensitive_attributes": [],
          "private": "eyJlMmJmYjczMC1lY2FhLTExZTYtOGY4OC0zNDM2M2JjN2M0YzAiOnsiY3JlYXRlIjo2MDAwMDAwMDAwMDAsImRlbGV0ZSI6OTAwMDAwMDAwMDAwfSwic2NoZW1hX3ZlcnNpb24iOiIxIn0=",
          "dependencies": [
            "aws_vpc.three_tier_vpc",
            "random_integer.random"
          ]
        }
      ]
    },
    {
      "mode": "managed",
      "type": "aws_subnet",
      "name": "three_tier_private_subnets",
      "provider": "provider[\"registry.terraform.io/hashicorp/aws\"]",
      "instances": [
        {
          "index_key": 0,
          "schema_version": 1,
          "attributes": {
            "arn": "arn:aws:ec2:us-east-1:447131659068:subnet/subnet-06ef040d54204e3b7",
            "assign_ipv6_address_on_creation": false,
            "availability_zone": "us-east-1a",
            "availability_zone_id": "use1-az6",
            "cidr_block": "10.100.20.0/24",
            "customer_owned_ipv4_pool": "",
            "enable_dns64": false,
            "enable_resource_name_dns_a_record_on_launch": false,
            "enable_resource_name_dns_aaaa_record_on_launch": false,
            "id": "subnet-06ef040d54204e3b7",
            "ipv6_cidr_block": "",
            "ipv6_cidr_block_association_id": "",
            "ipv6_native": false,
            "map_customer_owned_ip_on_launch": false,
            "map_public_ip_on_launch": false,
            "outpost_arn": "",
            "owner_id": "447131659068",
            "private_dns_hostname_type_on_launch": "ip-name",
            "tags": {
              "Name": "three_tier_private_1"
            },
            "tags_all": {
              "Name": "three_tier_private_1"
            },
            "timeouts": null,
            "vpc_id": "vpc-005a3767fc62203f2"
          },
          "sensitive_attributes": [],
          "private": "eyJlMmJmYjczMC1lY2FhLTExZTYtOGY4OC0zNDM2M2JjN2M0YzAiOnsiY3JlYXRlIjo2MDAwMDAwMDAwMDAsImRlbGV0ZSI6MTIwMDAwMDAwMDAwMH0sInNjaGVtYV92ZXJzaW9uIjoiMSJ9",
          "dependencies": [
            "aws_vpc.three_tier_vpc",
            "data.aws_availability_zones.available",
            "random_integer.random"
          ]
        },
        {
          "index_key": 1,
          "schema_version": 1,
          "attributes": {
            "arn": "arn:aws:ec2:us-east-1:447131659068:subnet/subnet-03885c5fcff66c09f",
            "assign_ipv6_address_on_creation": false,
            "availability_zone": "us-east-1b",
            "availability_zone_id": "use1-az1",
            "cidr_block": "10.100.21.0/24",
            "customer_owned_ipv4_pool": "",
            "enable_dns64": false,
            "enable_resource_name_dns_a_record_on_launch": false,
            "enable_resource_name_dns_aaaa_record_on_launch": false,
            "id": "subnet-03885c5fcff66c09f",
            "ipv6_cidr_block": "",
            "ipv6_cidr_block_association_id": "",
            "ipv6_native": false,
            "map_customer_owned_ip_on_launch": false,
            "map_public_ip_on_launch": false,
            "outpost_arn": "",
            "owner_id": "447131659068",
            "private_dns_hostname_type_on_launch": "ip-name",
            "tags": {
              "Name": "three_tier_private_2"
            },
            "tags_all": {
              "Name": "three_tier_private_2"
            },
            "timeouts": null,
            "vpc_id": "vpc-005a3767fc62203f2"
          },
          "sensitive_attributes": [],
          "private": "eyJlMmJmYjczMC1lY2FhLTExZTYtOGY4OC0zNDM2M2JjN2M0YzAiOnsiY3JlYXRlIjo2MDAwMDAwMDAwMDAsImRlbGV0ZSI6MTIwMDAwMDAwMDAwMH0sInNjaGVtYV92ZXJzaW9uIjoiMSJ9",
          "dependencies": [
            "aws_vpc.three_tier_vpc",
            "data.aws_availability_zones.available",
            "random_integer.random"
          ]
        },
        {
          "index_key": 2,
          "schema_version": 1,
          "attributes": {
            "arn": "arn:aws:ec2:us-east-1:447131659068:subnet/subnet-0b6852fd5e78a017f",
            "assign_ipv6_address_on_creation": false,
            "availability_zone": "us-east-1c",
            "availability_zone_id": "use1-az2",
            "cidr_block": "10.100.22.0/24",
            "customer_owned_ipv4_pool": "",
            "enable_dns64": false,
            "enable_resource_name_dns_a_record_on_launch": false,
            "enable_resource_name_dns_aaaa_record_on_launch": false,
            "id": "subnet-0b6852fd5e78a017f",
            "ipv6_cidr_block": "",
            "ipv6_cidr_block_association_id": "",
            "ipv6_native": false,
            "map_customer_owned_ip_on_launch": false,
            "map_public_ip_on_launch": false,
            "outpost_arn": "",
            "owner_id": "447131659068",
            "private_dns_hostname_type_on_launch": "ip-name",
            "tags": {
              "Name": "three_tier_private_3"
            },
            "tags_all": {
              "Name": "three_tier_private_3"
            },
            "timeouts": null,
            "vpc_id": "vpc-005a3767fc62203f2"
          },
          "sensitive_attributes": [],
          "private": "eyJlMmJmYjczMC1lY2FhLTExZTYtOGY4OC0zNDM2M2JjN2M0YzAiOnsiY3JlYXRlIjo2MDAwMDAwMDAwMDAsImRlbGV0ZSI6MTIwMDAwMDAwMDAwMH0sInNjaGVtYV92ZXJzaW9uIjoiMSJ9",
          "dependencies": [
            "aws_vpc.three_tier_vpc",
            "data.aws_availability_zones.available",
            "random_integer.random"
          ]
        }
      ]
    },
    {
      "mode": "managed",
      "type": "aws_subnet",
      "name": "three_tier_public_subnets",
      "provider": "provider[\"registry.terraform.io/hashicorp/aws\"]",
      "instances": [
        {
          "index_key": 0,
          "schema_version": 1,
          "attributes": {
            "arn": "arn:aws:ec2:us-east-1:447131659068:subnet/subnet-04e9a757ca05e309b",
            "assign_ipv6_address_on_creation": false,
            "availability_zone": "us-east-1a",
            "availability_zone_id": "use1-az6",
            "cidr_block": "10.100.10.0/24",
            "customer_owned_ipv4_pool": "",
            "enable_dns64": false,
            "enable_resource_name_dns_a_record_on_launch": false,
            "enable_resource_name_dns_aaaa_record_on_launch": false,
            "id": "subnet-04e9a757ca05e309b",
            "ipv6_cidr_block": "",
            "ipv6_cidr_block_association_id": "",
            "ipv6_native": false,
            "map_customer_owned_ip_on_launch": false,
            "map_public_ip_on_launch": true,
            "outpost_arn": "",
            "owner_id": "447131659068",
            "private_dns_hostname_type_on_launch": "ip-name",
            "tags": {
              "Name": "three_tier_public_1"
            },
            "tags_all": {
              "Name": "three_tier_public_1"
            },
            "timeouts": null,
            "vpc_id": "vpc-005a3767fc62203f2"
          },
          "sensitive_attributes": [],
          "private": "eyJlMmJmYjczMC1lY2FhLTExZTYtOGY4OC0zNDM2M2JjN2M0YzAiOnsiY3JlYXRlIjo2MDAwMDAwMDAwMDAsImRlbGV0ZSI6MTIwMDAwMDAwMDAwMH0sInNjaGVtYV92ZXJzaW9uIjoiMSJ9",
          "dependencies": [
            "aws_vpc.three_tier_vpc",
            "data.aws_availability_zones.available",
            "random_integer.random"
          ]
        },
        {
          "index_key": 1,
          "schema_version": 1,
          "attributes": {
            "arn": "arn:aws:ec2:us-east-1:447131659068:subnet/subnet-002627d539b2595ad",
            "assign_ipv6_address_on_creation": false,
            "availability_zone": "us-east-1b",
            "availability_zone_id": "use1-az1",
            "cidr_block": "10.100.11.0/24",
            "customer_owned_ipv4_pool": "",
            "enable_dns64": false,
            "enable_resource_name_dns_a_record_on_launch": false,
            "enable_resource_name_dns_aaaa_record_on_launch": false,
            "id": "subnet-002627d539b2595ad",
            "ipv6_cidr_block": "",
            "ipv6_cidr_block_association_id": "",
            "ipv6_native": false,
            "map_customer_owned_ip_on_launch": false,
            "map_public_ip_on_launch": true,
            "outpost_arn": "",
            "owner_id": "447131659068",
            "private_dns_hostname_type_on_launch": "ip-name",
            "tags": {
              "Name": "three_tier_public_2"
            },
            "tags_all": {
              "Name": "three_tier_public_2"
            },
            "timeouts": null,
            "vpc_id": "vpc-005a3767fc62203f2"
          },
          "sensitive_attributes": [],
          "private": "eyJlMmJmYjczMC1lY2FhLTExZTYtOGY4OC0zNDM2M2JjN2M0YzAiOnsiY3JlYXRlIjo2MDAwMDAwMDAwMDAsImRlbGV0ZSI6MTIwMDAwMDAwMDAwMH0sInNjaGVtYV92ZXJzaW9uIjoiMSJ9",
          "dependencies": [
            "aws_vpc.three_tier_vpc",
            "data.aws_availability_zones.available",
            "random_integer.random"
          ]
        },
        {
          "index_key": 2,
          "schema_version": 1,
          "attributes": {
            "arn": "arn:aws:ec2:us-east-1:447131659068:subnet/subnet-06301b243629986ab",
            "assign_ipv6_address_on_creation": false,
            "availability_zone": "us-east-1c",
            "availability_zone_id": "use1-az2",
            "cidr_block": "10.100.12.0/24",
            "customer_owned_ipv4_pool": "",
            "enable_dns64": false,
            "enable_resource_name_dns_a_record_on_launch": false,
            "enable_resource_name_dns_aaaa_record_on_launch": false,
            "id": "subnet-06301b243629986ab",
            "ipv6_cidr_block": "",
            "ipv6_cidr_block_association_id": "",
            "ipv6_native": false,
            "map_customer_owned_ip_on_launch": false,
            "map_public_ip_on_launch": true,
            "outpost_arn": "",
            "owner_id": "447131659068",
            "private_dns_hostname_type_on_launch": "ip-name",
            "tags": {
              "Name": "three_tier_public_3"
            },
            "tags_all": {
              "Name": "three_tier_public_3"
            },
            "timeouts": null,
            "vpc_id": "vpc-005a3767fc62203f2"
          },
          "sensitive_attributes": [],
          "private": "eyJlMmJmYjczMC1lY2FhLTExZTYtOGY4OC0zNDM2M2JjN2M0YzAiOnsiY3JlYXRlIjo2MDAwMDAwMDAwMDAsImRlbGV0ZSI6MTIwMDAwMDAwMDAwMH0sInNjaGVtYV92ZXJzaW9uIjoiMSJ9",
          "dependencies": [
            "aws_vpc.three_tier_vpc",
            "data.aws_availability_zones.available",
            "random_integer.random"
          ]
        }
      ]
    },
    {
      "mode": "managed",
      "type": "aws_vpc",
      "name": "three_tier_vpc",
      "provider": "provider[\"registry.terraform.io/hashicorp/aws\"]",
      "instances": [
        {
          "schema_version": 1,
          "attributes": {
            "arn": "arn:aws:ec2:us-east-1:447131659068:vpc/vpc-005a3767fc62203f2",
            "assign_generated_ipv6_cidr_block": false,
            "cidr_block": "10.100.0.0/16",
            "default_network_acl_id": "acl-0adb03f34fc16992f",
            "default_route_table_id": "rtb-055f5dc9ba1221516",
            "default_security_group_id": "sg-09407769f54edeaec",
            "dhcp_options_id": "dopt-00ec9b7b6bc2c5052",
            "enable_classiclink": false,
            "enable_classiclink_dns_support": false,
            "enable_dns_hostnames": true,
            "enable_dns_support": true,
            "enable_network_address_usage_metrics": false,
            "id": "vpc-005a3767fc62203f2",
            "instance_tenancy": "default",
            "ipv4_ipam_pool_id": null,
            "ipv4_netmask_length": null,
            "ipv6_association_id": "",
            "ipv6_cidr_block": "",
            "ipv6_cidr_block_network_border_group": "",
            "ipv6_ipam_pool_id": "",
            "ipv6_netmask_length": 0,
            "main_route_table_id": "rtb-055f5dc9ba1221516",
            "owner_id": "447131659068",
            "tags": {
              "Name": "three_tier_vpc-74"
            },
            "tags_all": {
              "Name": "three_tier_vpc-74"
            }
          },
          "sensitive_attributes": [],
          "private": "eyJzY2hlbWFfdmVyc2lvbiI6IjEifQ==",
          "dependencies": [
            "random_integer.random"
          ],
          "create_before_destroy": true
        }
      ]
    },
    {
      "mode": "managed",
      "type": "random_integer",
      "name": "random",
      "provider": "provider[\"registry.terraform.io/hashicorp/random\"]",
      "instances": [
        {
          "schema_version": 0,
          "attributes": {
            "id": "74",
            "keepers": null,
            "max": 100,
            "min": 1,
            "result": 74,
            "seed": null
          },
          "sensitive_attributes": [],
          "create_before_destroy": true
        }
      ]
    }
  ],
  "check_results": null
}
